[[package]]
name = "absl-py"
version = "1.4.0"
description = "Abseil Python Common Libraries, see https://github.com/abseil/abseil-py."
category = "main"
optional = false
python-versions = ">=3.6"

[[package]]
name = "attrs"
version = "23.1.0"
description = "Classes Without Boilerplate"
category = "main"
optional = false
python-versions = ">=3.7"

[package.extras]
cov = ["attrs", "coverage[toml] (>=5.3)"]
dev = ["attrs", "pre-commit"]
docs = ["furo", "myst-parser", "sphinx", "sphinx-notfound-page", "sphinxcontrib-towncrier", "towncrier", "zope-interface"]
tests = ["attrs", "zope-interface"]
tests-no-zope = ["cloudpickle", "hypothesis", "mypy (>=1.1.1)", "pympler", "pytest-mypy-plugins", "pytest-xdist", "pytest (>=4.3.0)"]

[[package]]
name = "cachetools"
version = "5.3.0"
description = "Extensible memoizing collections and decorators"
category = "main"
optional = false
python-versions = "~=3.7"

[[package]]
name = "certifi"
version = "2022.12.7"
description = "Python package for providing Mozilla's CA Bundle."
category = "main"
optional = false
python-versions = ">=3.6"

[[package]]
name = "charset-normalizer"
version = "3.1.0"
description = "The Real First Universal Charset Detector. Open, modern and actively maintained alternative to Chardet."
category = "main"
optional = false
python-versions = ">=3.7.0"

[[package]]
name = "click"
version = "8.1.3"
description = "Composable command line interface toolkit"
category = "main"
optional = false
python-versions = ">=3.7"

[package.dependencies]
colorama = {version = "*", markers = "platform_system == \"Windows\""}

[[package]]
name = "cloudpickle"
version = "2.2.1"
description = "Extended pickling support for Python objects"
category = "main"
optional = false
python-versions = ">=3.6"

[[package]]
name = "cmake"
version = "3.26.3"
description = "CMake is an open-source, cross-platform family of tools designed to build, test and package software"
category = "main"
optional = false
python-versions = "*"

[package.extras]
test = ["codecov (>=2.0.5)", "coverage (>=4.2)", "flake8 (>=3.0.4)", "path.py (>=11.5.0)", "pytest (>=3.0.3)", "pytest-cov (>=2.4.0)", "pytest-runner (>=2.9)", "pytest-virtualenv (>=1.7.0)", "scikit-build (>=0.10.0)", "setuptools (>=28.0.0)", "virtualenv (>=15.0.3)", "wheel"]

[[package]]
name = "colorama"
version = "0.4.6"
description = "Cross-platform colored terminal text."
category = "main"
optional = false
python-versions = "!=3.0.*,!=3.1.*,!=3.2.*,!=3.3.*,!=3.4.*,!=3.5.*,!=3.6.*,>=2.7"

[[package]]
name = "deprecated"
version = "1.2.13"
description = "Python @deprecated decorator to deprecate old python classes, functions or methods."
category = "main"
optional = false
python-versions = ">=2.7, !=3.0.*, !=3.1.*, !=3.2.*, !=3.3.*"

[package.dependencies]
wrapt = ">=1.10,<2"

[package.extras]
dev = ["tox", "bump2version (<1)", "sphinx (<2)", "importlib-metadata (<3)", "importlib-resources (<4)", "configparser (<5)", "sphinxcontrib-websupport (<2)", "zipp (<2)", "PyTest (<5)", "PyTest-Cov (<2.6)", "pytest", "pytest-cov"]

[[package]]
name = "docstring-parser"
version = "0.15"
description = "Parse Python docstrings in reST, Google and Numpydoc format"
category = "main"
optional = false
python-versions = ">=3.6,<4.0"

[[package]]
name = "exceptiongroup"
version = "1.1.1"
description = "Backport of PEP 654 (exception groups)"
category = "dev"
optional = false
python-versions = ">=3.7"

[package.extras]
test = ["pytest (>=6)"]

[[package]]
name = "filelock"
version = "3.12.0"
description = "A platform independent file lock."
category = "main"
optional = false
python-versions = ">=3.7"

[package.extras]
docs = ["furo (>=2023.3.27)", "sphinx-autodoc-typehints (>=1.23,!=1.23.4)", "sphinx (>=6.1.3)"]
testing = ["covdefaults (>=2.3)", "coverage (>=7.2.3)", "diff-cover (>=7.5)", "pytest-cov (>=4)", "pytest-mock (>=3.10)", "pytest-timeout (>=2.1)", "pytest (>=7.3.1)"]

[[package]]
name = "fire"
version = "0.5.0"
description = "A library for automatically generating command line interfaces."
category = "main"
optional = false
python-versions = "*"

[package.dependencies]
six = "*"
termcolor = "*"

[[package]]
name = "fsspec"
version = "2023.4.0"
description = "File-system specification"
category = "main"
optional = false
python-versions = ">=3.8"

[package.extras]
abfs = ["adlfs"]
adl = ["adlfs"]
arrow = ["pyarrow (>=1)"]
dask = ["dask", "distributed"]
devel = ["pytest", "pytest-cov"]
dropbox = ["dropboxdrivefs", "requests", "dropbox"]
full = ["adlfs", "aiohttp (!=4.0.0a0,!=4.0.0a1)", "dask", "distributed", "dropbox", "dropboxdrivefs", "fusepy", "gcsfs", "libarchive-c", "ocifs", "panel", "paramiko", "pyarrow (>=1)", "pygit2", "requests", "s3fs", "smbprotocol", "tqdm"]
fuse = ["fusepy"]
gcs = ["gcsfs"]
git = ["pygit2"]
github = ["requests"]
gs = ["gcsfs"]
gui = ["panel"]
hdfs = ["pyarrow (>=1)"]
http = ["requests", "aiohttp (!=4.0.0a0,!=4.0.0a1)"]
libarchive = ["libarchive-c"]
oci = ["ocifs"]
s3 = ["s3fs"]
sftp = ["paramiko"]
smb = ["smbprotocol"]
ssh = ["paramiko"]
tqdm = ["tqdm"]

[[package]]
name = "google-api-core"
version = "2.11.0"
description = "Google API client core library"
category = "main"
optional = false
python-versions = ">=3.7"

[package.dependencies]
google-auth = ">=2.14.1,<3.0dev"
googleapis-common-protos = ">=1.56.2,<2.0dev"
protobuf = ">=3.19.5,<3.20.0 || >3.20.0,<3.20.1 || >3.20.1,<4.21.0 || >4.21.0,<4.21.1 || >4.21.1,<4.21.2 || >4.21.2,<4.21.3 || >4.21.3,<4.21.4 || >4.21.4,<4.21.5 || >4.21.5,<5.0.0dev"
requests = ">=2.18.0,<3.0.0dev"

[package.extras]
grpc = ["grpcio (>=1.33.2,<2.0dev)", "grpcio-status (>=1.33.2,<2.0dev)", "grpcio (>=1.49.1,<2.0dev)", "grpcio-status (>=1.49.1,<2.0dev)"]
grpcgcp = ["grpcio-gcp (>=0.2.2,<1.0dev)"]
grpcio-gcp = ["grpcio-gcp (>=0.2.2,<1.0dev)"]

[[package]]
name = "google-api-python-client"
version = "1.12.11"
description = "Google API Client Library for Python"
category = "main"
optional = false
python-versions = ">=2.7,!=3.0.*,!=3.1.*,!=3.2.*,!=3.3.*"

[package.dependencies]
google-api-core = {version = ">=1.21.0,<3dev", markers = "python_version >= \"3\""}
google-auth = {version = ">=1.16.0,<3dev", markers = "python_version >= \"3\""}
google-auth-httplib2 = ">=0.0.3"
httplib2 = ">=0.15.0,<1dev"
six = ">=1.13.0,<2dev"
uritemplate = ">=3.0.0,<4dev"

[[package]]
name = "google-auth"
version = "2.17.3"
description = "Google Authentication Library"
category = "main"
optional = false
python-versions = ">=2.7,!=3.0.*,!=3.1.*,!=3.2.*,!=3.3.*,!=3.4.*,!=3.5.*"

[package.dependencies]
cachetools = ">=2.0.0,<6.0"
pyasn1-modules = ">=0.2.1"
rsa = {version = ">=3.1.4,<5", markers = "python_version >= \"3.6\""}
six = ">=1.9.0"

[package.extras]
aiohttp = ["requests (>=2.20.0,<3.0.0dev)", "aiohttp (>=3.6.2,<4.0.0dev)"]
enterprise_cert = ["cryptography (==36.0.2)", "pyopenssl (==22.0.0)"]
pyopenssl = ["pyopenssl (>=20.0.0)", "cryptography (>=38.0.3)"]
reauth = ["pyu2f (>=0.1.5)"]
requests = ["requests (>=2.20.0,<3.0.0dev)"]

[[package]]
name = "google-auth-httplib2"
version = "0.1.0"
description = "Google Authentication Library: httplib2 transport"
category = "main"
optional = false
python-versions = "*"

[package.dependencies]
google-auth = "*"
httplib2 = ">=0.15.0"
six = "*"

[[package]]
name = "google-cloud-core"
version = "2.3.2"
description = "Google Cloud API client core library"
category = "main"
optional = false
python-versions = ">=3.7"

[package.dependencies]
google-api-core = ">=1.31.6,<2.0.0 || >2.3.0,<3.0.0dev"
google-auth = ">=1.25.0,<3.0dev"

[package.extras]
grpc = ["grpcio (>=1.38.0,<2.0dev)"]

[[package]]
name = "google-cloud-storage"
version = "2.8.0"
description = "Google Cloud Storage API client library"
category = "main"
optional = false
python-versions = ">=3.7"

[package.dependencies]
google-api-core = ">=1.31.5,<2.0.0 || >2.3.0,<3.0.0dev"
google-auth = ">=1.25.0,<3.0dev"
google-cloud-core = ">=2.3.0,<3.0dev"
google-resumable-media = ">=2.3.2"
requests = ">=2.18.0,<3.0.0dev"

[package.extras]
protobuf = ["protobuf (<5.0.0dev)"]

[[package]]
name = "google-crc32c"
version = "1.5.0"
description = "A python wrapper of the C library 'Google CRC32C'"
category = "main"
optional = false
python-versions = ">=3.7"

[package.extras]
testing = ["pytest"]

[[package]]
name = "google-resumable-media"
version = "2.5.0"
description = "Utilities for Google Media Downloads and Resumable Uploads"
category = "main"
optional = false
python-versions = ">= 3.7"

[package.dependencies]
google-crc32c = ">=1.0,<2.0dev"

[package.extras]
aiohttp = ["aiohttp (>=3.6.2,<4.0.0dev)"]
requests = ["requests (>=2.18.0,<3.0.0dev)"]

[[package]]
name = "googleapis-common-protos"
version = "1.59.0"
description = "Common protobufs used in Google APIs"
category = "main"
optional = false
python-versions = ">=3.7"

[package.dependencies]
protobuf = ">=3.19.5,<3.20.0 || >3.20.0,<3.20.1 || >3.20.1,<4.21.1 || >4.21.1,<4.21.2 || >4.21.2,<4.21.3 || >4.21.3,<4.21.4 || >4.21.4,<4.21.5 || >4.21.5,<5.0.0dev"

[package.extras]
grpc = ["grpcio (>=1.44.0,<2.0.0dev)"]

[[package]]
name = "httplib2"
version = "0.22.0"
description = "A comprehensive HTTP client library."
category = "main"
optional = false
python-versions = ">=2.7, !=3.0.*, !=3.1.*, !=3.2.*, !=3.3.*"

[package.dependencies]
pyparsing = {version = ">=2.4.2,<3.0.0 || >3.0.0,<3.0.1 || >3.0.1,<3.0.2 || >3.0.2,<3.0.3 || >3.0.3,<4", markers = "python_version > \"3.0\""}

[[package]]
name = "huggingface-hub"
version = "0.14.1"
description = "Client library to download and publish models, datasets and other repos on the huggingface.co hub"
category = "main"
optional = false
python-versions = ">=3.7.0"

[package.dependencies]
filelock = "*"
fsspec = "*"
packaging = ">=20.9"
pyyaml = ">=5.1"
requests = "*"
tqdm = ">=4.42.1"
typing-extensions = ">=3.7.4.3"

[package.extras]
testing = ["pytest-cov", "InquirerPy (==0.3.4)", "jedi", "jinja2", "pytest", "pytest-env", "pytest-xdist", "soundfile", "pillow", "gradio"]
all = ["InquirerPy (==0.3.4)", "jedi", "jinja2", "pytest", "pytest-cov", "pytest-env", "pytest-xdist", "soundfile", "pillow", "gradio", "black (>=23.1,<24.0)", "ruff (>=0.0.241)", "mypy (==0.982)", "types-pyyaml", "types-requests", "types-simplejson", "types-toml", "types-tqdm", "types-urllib3"]
cli = ["InquirerPy (==0.3.4)"]
dev = ["InquirerPy (==0.3.4)", "jedi", "jinja2", "pytest", "pytest-cov", "pytest-env", "pytest-xdist", "soundfile", "pillow", "gradio", "black (>=23.1,<24.0)", "ruff (>=0.0.241)", "mypy (==0.982)", "types-pyyaml", "types-requests", "types-simplejson", "types-toml", "types-tqdm", "types-urllib3"]
fastai = ["toml", "fastai (>=2.4)", "fastcore (>=1.3.27)"]
quality = ["black (>=23.1,<24.0)", "ruff (>=0.0.241)", "mypy (==0.982)"]
tensorflow = ["tensorflow", "pydot", "graphviz"]
torch = ["torch"]
typing = ["types-pyyaml", "types-requests", "types-simplejson", "types-toml", "types-tqdm", "types-urllib3"]

[[package]]
name = "idna"
version = "3.4"
description = "Internationalized Domain Names in Applications (IDNA)"
category = "main"
optional = false
python-versions = ">=3.5"

[[package]]
name = "iniconfig"
version = "2.0.0"
description = "brain-dead simple config-ini parsing"
category = "dev"
optional = false
python-versions = ">=3.7"

[[package]]
name = "jinja2"
version = "3.1.2"
description = "A very fast and expressive template engine."
category = "main"
optional = false
python-versions = ">=3.7"

[package.dependencies]
MarkupSafe = ">=2.0"

[package.extras]
i18n = ["Babel (>=2.7)"]

[[package]]
name = "jsonschema"
version = "4.17.3"
description = "An implementation of JSON Schema validation for Python"
category = "main"
optional = false
python-versions = ">=3.7"

[package.dependencies]
attrs = ">=17.4.0"
pyrsistent = ">=0.14.0,<0.17.0 || >0.17.0,<0.17.1 || >0.17.1,<0.17.2 || >0.17.2"

[package.extras]
format = ["fqdn", "idna", "isoduration", "jsonpointer (>1.13)", "rfc3339-validator", "rfc3987", "uri-template", "webcolors (>=1.11)"]
format-nongpl = ["fqdn", "idna", "isoduration", "jsonpointer (>1.13)", "rfc3339-validator", "rfc3986-validator (>0.1.0)", "uri-template", "webcolors (>=1.11)"]

[[package]]
name = "kfp"
version = "1.8.20"
description = "KubeFlow Pipelines SDK"
category = "main"
optional = false
python-versions = ">=3.6.1"

[package.dependencies]
absl-py = ">=0.9,<2"
click = ">=7.1.2,<9"
cloudpickle = ">=2.0.0,<3"
Deprecated = ">=1.2.7,<2"
docstring-parser = ">=0.7.3,<1"
fire = ">=0.3.1,<1"
google-api-core = ">=1.31.5,<2.0.0 || >2.3.0,<3.0.0dev"
google-api-python-client = ">=1.7.8,<2"
google-auth = ">=1.6.1,<3"
google-cloud-storage = ">=1.20.0,<3"
jsonschema = ">=3.0.1,<5"
kfp-pipeline-spec = ">=0.1.16,<0.2.0"
kfp-server-api = ">=1.1.2,<2.0.0"
kubernetes = ">=8.0.0,<26"
protobuf = ">=3.13.0,<4"
pydantic = ">=1.8.2,<2"
PyYAML = ">=5.3,<6"
requests-toolbelt = ">=0.8.0,<1"
strip-hints = ">=0.1.8,<1"
tabulate = ">=0.8.6,<1"
typer = ">=0.3.2,<1.0"
uritemplate = ">=3.0.1,<4"

[package.extras]
all = ["docker"]

[[package]]
name = "kfp-pipeline-spec"
version = "0.1.17"
description = "Kubeflow Pipelines pipeline spec"
category = "main"
optional = false
python-versions = ">=3.7.0"

[package.dependencies]
protobuf = ">=3.13.0,<4"

[[package]]
name = "kfp-server-api"
version = "1.8.5"
description = "Kubeflow Pipelines API"
category = "main"
optional = false
python-versions = "*"

[package.dependencies]
certifi = "*"
python-dateutil = "*"
six = ">=1.10"
urllib3 = ">=1.15"

[[package]]
name = "kubernetes"
version = "25.3.0"
description = "Kubernetes python client"
category = "main"
optional = false
python-versions = ">=3.6"

[package.dependencies]
certifi = ">=14.05.14"
google-auth = ">=1.0.1"
python-dateutil = ">=2.5.3"
pyyaml = ">=5.4.1"
requests = "*"
requests-oauthlib = "*"
six = ">=1.9.0"
urllib3 = ">=1.24.2"
websocket-client = ">=0.32.0,<0.40.0 || >0.40.0,<0.41.0 || >=0.43.0"

[package.extras]
adal = ["adal (>=1.0.2)"]

[[package]]
name = "lit"
version = "16.0.2"
description = "A Software Testing Tool"
category = "main"
optional = false
python-versions = "*"

[[package]]
name = "markupsafe"
version = "2.1.2"
description = "Safely add untrusted strings to HTML/XML markup."
category = "main"
optional = false
python-versions = ">=3.7"

[[package]]
name = "mpmath"
version = "1.3.0"
description = "Python library for arbitrary-precision floating-point arithmetic"
category = "main"
optional = false
python-versions = "*"

[package.extras]
develop = ["pytest (>=4.6)", "pycodestyle", "pytest-cov", "codecov", "wheel"]
docs = ["sphinx"]
gmpy = ["gmpy2 (>=2.1.0a4)"]
tests = ["pytest (>=4.6)"]

[[package]]
name = "networkx"
version = "3.1"
description = "Python package for creating and manipulating graphs and networks"
category = "main"
optional = false
python-versions = ">=3.8"

[package.extras]
default = ["numpy (>=1.20)", "scipy (>=1.8)", "matplotlib (>=3.4)", "pandas (>=1.3)"]
developer = ["pre-commit (>=3.2)", "mypy (>=1.1)"]
doc = ["sphinx (>=6.1)", "pydata-sphinx-theme (>=0.13)", "sphinx-gallery (>=0.12)", "numpydoc (>=1.5)", "pillow (>=9.4)", "nb2plots (>=0.6)", "texext (>=0.6.7)"]
extra = ["lxml (>=4.6)", "pygraphviz (>=1.10)", "pydot (>=1.4.2)", "sympy (>=1.10)"]
test = ["pytest (>=7.2)", "pytest-cov (>=4.0)", "codecov (>=2.1)"]

[[package]]
name = "numpy"
version = "1.24.3"
description = "Fundamental package for array computing in Python"
category = "main"
optional = false
python-versions = ">=3.8"

[[package]]
name = "nvidia-cublas-cu11"
version = "11.10.3.66"
description = "CUBLAS native runtime libraries"
category = "main"
optional = false
python-versions = ">=3"

[[package]]
name = "nvidia-cuda-cupti-cu11"
version = "11.7.101"
description = "CUDA profiling tools runtime libs."
category = "main"
optional = false
python-versions = ">=3"

[[package]]
name = "nvidia-cuda-nvrtc-cu11"
version = "11.7.99"
description = "NVRTC native runtime libraries"
category = "main"
optional = false
python-versions = ">=3"

[[package]]
name = "nvidia-cuda-runtime-cu11"
version = "11.7.99"
description = "CUDA Runtime native Libraries"
category = "main"
optional = false
python-versions = ">=3"

[[package]]
name = "nvidia-cudnn-cu11"
version = "8.5.0.96"
description = "cuDNN runtime libraries"
category = "main"
optional = false
python-versions = ">=3"

[[package]]
name = "nvidia-cufft-cu11"
version = "10.9.0.58"
description = "CUFFT native runtime libraries"
category = "main"
optional = false
python-versions = ">=3"

[[package]]
name = "nvidia-curand-cu11"
version = "10.2.10.91"
description = "CURAND native runtime libraries"
category = "main"
optional = false
python-versions = ">=3"

[[package]]
name = "nvidia-cusolver-cu11"
version = "11.4.0.1"
description = "CUDA solver native runtime libraries"
category = "main"
optional = false
python-versions = ">=3"

[[package]]
name = "nvidia-cusparse-cu11"
version = "11.7.4.91"
description = "CUSPARSE native runtime libraries"
category = "main"
optional = false
python-versions = ">=3"

[[package]]
name = "nvidia-nccl-cu11"
version = "2.14.3"
description = "NVIDIA Collective Communication Library (NCCL) Runtime"
category = "main"
optional = false
python-versions = ">=3"

[[package]]
name = "nvidia-nvtx-cu11"
version = "11.7.91"
description = "NVIDIA Tools Extension"
category = "main"
optional = false
python-versions = ">=3"

[[package]]
name = "oauthlib"
version = "3.2.2"
description = "A generic, spec-compliant, thorough implementation of the OAuth request-signing logic"
category = "main"
optional = false
python-versions = ">=3.6"

[package.extras]
rsa = ["cryptography (>=3.0.0)"]
signals = ["blinker (>=1.4.0)"]
signedtoken = ["cryptography (>=3.0.0)", "pyjwt (>=2.0.0,<3)"]

[[package]]
name = "packaging"
version = "23.1"
description = "Core utilities for Python packages"
category = "main"
optional = false
python-versions = ">=3.7"

[[package]]
name = "pluggy"
version = "1.0.0"
description = "plugin and hook calling mechanisms for python"
category = "dev"
optional = false
python-versions = ">=3.6"

[package.extras]
dev = ["pre-commit", "tox"]
testing = ["pytest", "pytest-benchmark"]

[[package]]
name = "protobuf"
version = "3.20.3"
description = "Protocol Buffers"
category = "main"
optional = false
python-versions = ">=3.7"

[[package]]
name = "pyasn1"
version = "0.5.0"
description = "Pure-Python implementation of ASN.1 types and DER/BER/CER codecs (X.208)"
category = "main"
optional = false
python-versions = "!=3.0.*,!=3.1.*,!=3.2.*,!=3.3.*,!=3.4.*,!=3.5.*,>=2.7"

[[package]]
name = "pyasn1-modules"
version = "0.3.0"
description = "A collection of ASN.1-based protocols modules"
category = "main"
optional = false
python-versions = "!=3.0.*,!=3.1.*,!=3.2.*,!=3.3.*,!=3.4.*,!=3.5.*,>=2.7"

[package.dependencies]
pyasn1 = ">=0.4.6,<0.6.0"

[[package]]
name = "pydantic"
version = "1.10.7"
description = "Data validation and settings management using python type hints"
category = "main"
optional = false
python-versions = ">=3.7"

[package.dependencies]
typing-extensions = ">=4.2.0"

[package.extras]
dotenv = ["python-dotenv (>=0.10.4)"]
email = ["email-validator (>=1.0.3)"]

[[package]]
name = "pyparsing"
version = "3.0.9"
description = "pyparsing module - Classes and methods to define and execute parsing grammars"
category = "main"
optional = false
python-versions = ">=3.6.8"

[package.extras]
diagrams = ["railroad-diagrams", "jinja2"]

[[package]]
name = "pyrsistent"
version = "0.19.3"
description = "Persistent/Functional/Immutable data structures"
category = "main"
optional = false
python-versions = ">=3.7"

[[package]]
name = "pytest"
version = "7.2.1"
description = "pytest: simple powerful testing with Python"
category = "dev"
optional = false
python-versions = ">=3.7"

[package.dependencies]
attrs = ">=19.2.0"
colorama = {version = "*", markers = "sys_platform == \"win32\""}
exceptiongroup = {version = ">=1.0.0rc8", markers = "python_version < \"3.11\""}
iniconfig = "*"
packaging = "*"
pluggy = ">=0.12,<2.0"
tomli = {version = ">=1.0.0", markers = "python_version < \"3.11\""}

[package.extras]
testing = ["argcomplete", "hypothesis (>=3.56)", "mock", "nose", "pygments (>=2.7.2)", "requests", "xmlschema"]

[[package]]
name = "python-dateutil"
version = "2.8.2"
description = "Extensions to the standard Python datetime module"
category = "main"
optional = false
python-versions = "!=3.0.*,!=3.1.*,!=3.2.*,>=2.7"

[package.dependencies]
six = ">=1.5"

[[package]]
name = "pyyaml"
version = "5.4.1"
description = "YAML parser and emitter for Python"
category = "main"
optional = false
python-versions = ">=2.7, !=3.0.*, !=3.1.*, !=3.2.*, !=3.3.*, !=3.4.*, !=3.5.*"

[[package]]
name = "regex"
version = "2023.3.23"
description = "Alternative regular expression module, to replace re."
category = "main"
optional = false
python-versions = ">=3.8"

[[package]]
name = "requests"
version = "2.29.0"
description = "Python HTTP for Humans."
category = "main"
optional = false
python-versions = ">=3.7"

[package.dependencies]
certifi = ">=2017.4.17"
charset-normalizer = ">=2,<4"
idna = ">=2.5,<4"
urllib3 = ">=1.21.1,<1.27"

[package.extras]
socks = ["PySocks (>=1.5.6,!=1.5.7)"]
use_chardet_on_py3 = ["chardet (>=3.0.2,<6)"]

[[package]]
name = "requests-oauthlib"
version = "1.3.1"
description = "OAuthlib authentication support for Requests."
category = "main"
optional = false
python-versions = ">=2.7, !=3.0.*, !=3.1.*, !=3.2.*, !=3.3.*"

[package.dependencies]
oauthlib = ">=3.0.0"
requests = ">=2.0.0"

[package.extras]
rsa = ["oauthlib[signedtoken] (>=3.0.0)"]

[[package]]
name = "requests-toolbelt"
version = "0.10.1"
description = "A utility belt for advanced users of python-requests"
category = "main"
optional = false
python-versions = ">=2.7, !=3.0.*, !=3.1.*, !=3.2.*, !=3.3.*"

[package.dependencies]
requests = ">=2.0.1,<3.0.0"

[[package]]
name = "rsa"
version = "4.9"
description = "Pure-Python RSA implementation"
category = "main"
optional = false
python-versions = ">=3.6,<4"

[package.dependencies]
pyasn1 = ">=0.1.3"

[[package]]
name = "six"
version = "1.16.0"
description = "Python 2 and 3 compatibility utilities"
category = "main"
optional = false
python-versions = ">=2.7, !=3.0.*, !=3.1.*, !=3.2.*"

[[package]]
name = "strip-hints"
version = "0.1.10"
description = "Function and command-line program to strip Python type hints."
category = "main"
optional = false
python-versions = "*"

[[package]]
name = "sympy"
version = "1.11.1"
description = "Computer algebra system (CAS) in Python"
category = "main"
optional = false
python-versions = ">=3.8"

[package.dependencies]
mpmath = ">=0.19"

[[package]]
name = "tabulate"
version = "0.9.0"
description = "Pretty-print tabular data"
category = "main"
optional = false
python-versions = ">=3.7"

[package.extras]
widechars = ["wcwidth"]

[[package]]
name = "termcolor"
version = "2.3.0"
description = "ANSI color formatting for output in terminal"
category = "main"
optional = false
python-versions = ">=3.7"

[package.extras]
tests = ["pytest", "pytest-cov"]

[[package]]
name = "tokenizers"
version = "0.13.3"
description = "Fast and Customizable Tokenizers"
category = "main"
optional = false
python-versions = "*"

[package.extras]
dev = ["pytest", "requests", "numpy", "datasets", "black (==22.3)"]
docs = ["sphinx", "sphinx-rtd-theme", "setuptools-rust"]
testing = ["pytest", "requests", "numpy", "datasets", "black (==22.3)"]

[[package]]
name = "tomli"
version = "2.0.1"
description = "A lil' TOML parser"
category = "dev"
optional = false
python-versions = ">=3.7"

[[package]]
name = "torch"
version = "2.0.0"
description = "Tensors and Dynamic neural networks in Python with strong GPU acceleration"
category = "main"
optional = false
python-versions = ">=3.8.0"

[package.dependencies]
filelock = "*"
jinja2 = "*"
networkx = "*"
nvidia-cublas-cu11 = {version = "11.10.3.66", markers = "platform_system == \"Linux\" and platform_machine == \"x86_64\""}
nvidia-cuda-cupti-cu11 = {version = "11.7.101", markers = "platform_system == \"Linux\" and platform_machine == \"x86_64\""}
nvidia-cuda-nvrtc-cu11 = {version = "11.7.99", markers = "platform_system == \"Linux\" and platform_machine == \"x86_64\""}
nvidia-cuda-runtime-cu11 = {version = "11.7.99", markers = "platform_system == \"Linux\" and platform_machine == \"x86_64\""}
nvidia-cudnn-cu11 = {version = "8.5.0.96", markers = "platform_system == \"Linux\" and platform_machine == \"x86_64\""}
nvidia-cufft-cu11 = {version = "10.9.0.58", markers = "platform_system == \"Linux\" and platform_machine == \"x86_64\""}
nvidia-curand-cu11 = {version = "10.2.10.91", markers = "platform_system == \"Linux\" and platform_machine == \"x86_64\""}
nvidia-cusolver-cu11 = {version = "11.4.0.1", markers = "platform_system == \"Linux\" and platform_machine == \"x86_64\""}
nvidia-cusparse-cu11 = {version = "11.7.4.91", markers = "platform_system == \"Linux\" and platform_machine == \"x86_64\""}
nvidia-nccl-cu11 = {version = "2.14.3", markers = "platform_system == \"Linux\" and platform_machine == \"x86_64\""}
nvidia-nvtx-cu11 = {version = "11.7.91", markers = "platform_system == \"Linux\" and platform_machine == \"x86_64\""}
sympy = "*"
triton = {version = "2.0.0", markers = "platform_system == \"Linux\" and platform_machine == \"x86_64\""}
typing-extensions = "*"

[package.extras]
opt-einsum = ["opt-einsum (>=3.3)"]

[[package]]
name = "tqdm"
version = "4.65.0"
description = "Fast, Extensible Progress Meter"
category = "main"
optional = false
python-versions = ">=3.7"

[package.dependencies]
colorama = {version = "*", markers = "platform_system == \"Windows\""}

[package.extras]
dev = ["py-make (>=0.1.0)", "twine", "wheel"]
notebook = ["ipywidgets (>=6)"]
slack = ["slack-sdk"]
telegram = ["requests"]

[[package]]
name = "transformers"
version = "4.28.1"
description = "State-of-the-art Machine Learning for JAX, PyTorch and TensorFlow"
category = "main"
optional = false
python-versions = ">=3.7.0"

[package.dependencies]
filelock = "*"
huggingface-hub = ">=0.11.0,<1.0"
numpy = ">=1.17"
packaging = ">=20.0"
pyyaml = ">=5.1"
regex = "!=2019.12.17"
requests = "*"
tokenizers = ">=0.11.1,<0.11.3 || >0.11.3,<0.14"
tqdm = ">=4.27"

[package.extras]
accelerate = ["accelerate (>=0.10.0)"]
all = ["tensorflow (>=2.4,<2.13)", "onnxconverter-common", "tf2onnx", "tensorflow-text (<2.13)", "keras-nlp (>=0.3.1)", "torch (>=1.9,!=1.12.0)", "jax (>=0.2.8,!=0.3.2,<=0.3.6)", "jaxlib (>=0.1.65,<=0.3.6)", "flax (>=0.4.1)", "optax (>=0.0.8)", "sentencepiece (>=0.1.91,!=0.1.92)", "protobuf (<=3.20.2)", "tokenizers (>=0.11.1,!=0.11.3,<0.14)", "torchaudio", "librosa", "pyctcdecode (>=0.4.0)", "phonemizer", "kenlm", "pillow", "optuna", "ray", "sigopt", "timm", "torchvision", "codecarbon (==1.2.0)", "accelerate (>=0.10.0)", "decord (==0.6.0)", "av (==9.2.0)"]
audio = ["librosa", "pyctcdecode (>=0.4.0)", "phonemizer", "kenlm"]
codecarbon = ["codecarbon (==1.2.0)"]
deepspeed = ["deepspeed (>=0.8.3)", "accelerate (>=0.10.0)"]
deepspeed-testing = ["deepspeed (>=0.8.3)", "accelerate (>=0.10.0)", "pytest", "pytest-xdist", "timeout-decorator", "parameterized", "psutil", "datasets (!=2.5.0)", "dill (<0.3.5)", "evaluate (>=0.2.0)", "pytest-timeout", "black (>=23.1,<24.0)", "sacrebleu (>=1.4.12,<2.0.0)", "rouge-score (!=0.0.7,!=0.0.8,!=0.1,!=0.1.1)", "nltk", "GitPython (<3.1.19)", "hf-doc-builder (>=0.3.0)", "protobuf (<=3.20.2)", "sacremoses", "rjieba", "safetensors (>=0.2.1)", "beautifulsoup4", "faiss-cpu", "cookiecutter (==1.7.3)", "optuna", "sentencepiece (>=0.1.91,!=0.1.92)"]
dev = ["tensorflow (>=2.4,<2.13)", "onnxconverter-common", "tf2onnx", "tensorflow-text (<2.13)", "keras-nlp (>=0.3.1)", "torch (>=1.9,!=1.12.0)", "jax (>=0.2.8,!=0.3.2,<=0.3.6)", "jaxlib (>=0.1.65,<=0.3.6)", "flax (>=0.4.1)", "optax (>=0.0.8)", "sentencepiece (>=0.1.91,!=0.1.92)", "protobuf (<=3.20.2)", "tokenizers (>=0.11.1,!=0.11.3,<0.14)", "torchaudio", "librosa", "pyctcdecode (>=0.4.0)", "phonemizer", "kenlm", "pillow", "optuna", "ray", "sigopt", "timm", "torchvision", "codecarbon (==1.2.0)", "accelerate (>=0.10.0)", "decord (==0.6.0)", "av (==9.2.0)", "pytest", "pytest-xdist", "timeout-decorator", "parameterized", "psutil", "datasets (!=2.5.0)", "dill (<0.3.5)", "evaluate (>=0.2.0)", "pytest-timeout", "black (>=23.1,<24.0)", "sacrebleu (>=1.4.12,<2.0.0)", "rouge-score (!=0.0.7,!=0.0.8,!=0.1,!=0.1.1)", "nltk", "GitPython (<3.1.19)", "hf-doc-builder (>=0.3.0)", "sacremoses", "rjieba", "safetensors (>=0.2.1)", "beautifulsoup4", "faiss-cpu", "cookiecutter (==1.7.3)", "isort (>=5.5.4)", "ruff (>=0.0.241,<=0.0.259)", "fugashi (>=1.0)", "ipadic (>=1.0.0,<2.0)", "unidic-lite (>=1.0.7)", "unidic (>=1.0.2)", "sudachipy (>=0.6.6)", "sudachidict-core (>=20220729)", "rhoknp (>=1.1.0)", "hf-doc-builder", "scikit-learn"]
dev-tensorflow = ["pytest", "pytest-xdist", "timeout-decorator", "parameterized", "psutil", "datasets (!=2.5.0)", "dill (<0.3.5)", "evaluate (>=0.2.0)", "pytest-timeout", "black (>=23.1,<24.0)", "sacrebleu (>=1.4.12,<2.0.0)", "rouge-score (!=0.0.7,!=0.0.8,!=0.1,!=0.1.1)", "nltk", "GitPython (<3.1.19)", "hf-doc-builder (>=0.3.0)", "protobuf (<=3.20.2)", "sacremoses", "rjieba", "safetensors (>=0.2.1)", "beautifulsoup4", "faiss-cpu", "cookiecutter (==1.7.3)", "tensorflow (>=2.4,<2.13)", "onnxconverter-common", "tf2onnx", "tensorflow-text (<2.13)", "keras-nlp (>=0.3.1)", "sentencepiece (>=0.1.91,!=0.1.92)", "tokenizers (>=0.11.1,!=0.11.3,<0.14)", "pillow", "isort (>=5.5.4)", "ruff (>=0.0.241,<=0.0.259)", "hf-doc-builder", "scikit-learn", "onnxruntime (>=1.4.0)", "onnxruntime-tools (>=1.4.2)", "librosa", "pyctcdecode (>=0.4.0)", "phonemizer", "kenlm"]
dev-torch = ["pytest", "pytest-xdist", "timeout-decorator", "parameterized", "psutil", "datasets (!=2.5.0)", "dill (<0.3.5)", "evaluate (>=0.2.0)", "pytest-timeout", "black (>=23.1,<24.0)", "sacrebleu (>=1.4.12,<2.0.0)", "rouge-score (!=0.0.7,!=0.0.8,!=0.1,!=0.1.1)", "nltk", "GitPython (<3.1.19)", "hf-doc-builder (>=0.3.0)", "protobuf (<=3.20.2)", "sacremoses", "rjieba", "safetensors (>=0.2.1)", "beautifulsoup4", "faiss-cpu", "cookiecutter (==1.7.3)", "torch (>=1.9,!=1.12.0)", "sentencepiece (>=0.1.91,!=0.1.92)", "tokenizers (>=0.11.1,!=0.11.3,<0.14)", "torchaudio", "librosa", "pyctcdecode (>=0.4.0)", "phonemizer", "kenlm", "pillow", "optuna", "ray", "sigopt", "timm", "torchvision", "codecarbon (==1.2.0)", "isort (>=5.5.4)", "ruff (>=0.0.241,<=0.0.259)", "fugashi (>=1.0)", "ipadic (>=1.0.0,<2.0)", "unidic-lite (>=1.0.7)", "unidic (>=1.0.2)", "sudachipy (>=0.6.6)", "sudachidict-core (>=20220729)", "rhoknp (>=1.1.0)", "hf-doc-builder", "scikit-learn", "onnxruntime (>=1.4.0)", "onnxruntime-tools (>=1.4.2)"]
docs = ["tensorflow (>=2.4,<2.13)", "onnxconverter-common", "tf2onnx", "tensorflow-text (<2.13)", "keras-nlp (>=0.3.1)", "torch (>=1.9,!=1.12.0)", "jax (>=0.2.8,!=0.3.2,<=0.3.6)", "jaxlib (>=0.1.65,<=0.3.6)", "flax (>=0.4.1)", "optax (>=0.0.8)", "sentencepiece (>=0.1.91,!=0.1.92)", "protobuf (<=3.20.2)", "tokenizers (>=0.11.1,!=0.11.3,<0.14)", "torchaudio", "librosa", "pyctcdecode (>=0.4.0)", "phonemizer", "kenlm", "pillow", "optuna", "ray", "sigopt", "timm", "torchvision", "codecarbon (==1.2.0)", "accelerate (>=0.10.0)", "decord (==0.6.0)", "av (==9.2.0)", "hf-doc-builder"]
docs_specific = ["hf-doc-builder"]
fairscale = ["fairscale (>0.3)"]
flax = ["jax (>=0.2.8,!=0.3.2,<=0.3.6)", "jaxlib (>=0.1.65,<=0.3.6)", "flax (>=0.4.1)", "optax (>=0.0.8)"]
flax-speech = ["librosa", "pyctcdecode (>=0.4.0)", "phonemizer", "kenlm"]
ftfy = ["ftfy"]
integrations = ["optuna", "ray", "sigopt"]
ja = ["fugashi (>=1.0)", "ipadic (>=1.0.0,<2.0)", "unidic-lite (>=1.0.7)", "unidic (>=1.0.2)", "sudachipy (>=0.6.6)", "sudachidict-core (>=20220729)", "rhoknp (>=1.1.0)"]
modelcreation = ["cookiecutter (==1.7.3)"]
natten = ["natten (>=0.14.6)"]
onnx = ["onnxconverter-common", "tf2onnx", "onnxruntime (>=1.4.0)", "onnxruntime-tools (>=1.4.2)"]
onnxruntime = ["onnxruntime (>=1.4.0)", "onnxruntime-tools (>=1.4.2)"]
optuna = ["optuna"]
quality = ["black (>=23.1,<24.0)", "datasets (!=2.5.0)", "isort (>=5.5.4)", "ruff (>=0.0.241,<=0.0.259)", "GitPython (<3.1.19)", "hf-doc-builder (>=0.3.0)"]
ray = ["ray"]
retrieval = ["faiss-cpu", "datasets (!=2.5.0)"]
sagemaker = ["sagemaker (>=2.31.0)"]
sentencepiece = ["sentencepiece (>=0.1.91,!=0.1.92)", "protobuf (<=3.20.2)"]
serving = ["pydantic", "uvicorn", "fastapi", "starlette"]
sigopt = ["sigopt"]
sklearn = ["scikit-learn"]
speech = ["torchaudio", "librosa", "pyctcdecode (>=0.4.0)", "phonemizer", "kenlm"]
testing = ["pytest", "pytest-xdist", "timeout-decorator", "parameterized", "psutil", "datasets (!=2.5.0)", "dill (<0.3.5)", "evaluate (>=0.2.0)", "pytest-timeout", "black (>=23.1,<24.0)", "sacrebleu (>=1.4.12,<2.0.0)", "rouge-score (!=0.0.7,!=0.0.8,!=0.1,!=0.1.1)", "nltk", "GitPython (<3.1.19)", "hf-doc-builder (>=0.3.0)", "protobuf (<=3.20.2)", "sacremoses", "rjieba", "safetensors (>=0.2.1)", "beautifulsoup4", "faiss-cpu", "cookiecutter (==1.7.3)"]
tf = ["tensorflow (>=2.4,<2.13)", "onnxconverter-common", "tf2onnx", "tensorflow-text (<2.13)", "keras-nlp (>=0.3.1)"]
tf-cpu = ["tensorflow-cpu (>=2.4,<2.13)", "onnxconverter-common", "tf2onnx", "tensorflow-text (<2.13)", "keras-nlp (>=0.3.1)"]
tf-speech = ["librosa", "pyctcdecode (>=0.4.0)", "phonemizer", "kenlm"]
timm = ["timm"]
tokenizers = ["tokenizers (>=0.11.1,!=0.11.3,<0.14)"]
torch = ["torch (>=1.9,!=1.12.0)"]
torch-speech = ["torchaudio", "librosa", "pyctcdecode (>=0.4.0)", "phonemizer", "kenlm"]
torch-vision = ["torchvision", "pillow"]
torchhub = ["filelock", "huggingface-hub (>=0.11.0,<1.0)", "importlib-metadata", "numpy (>=1.17)", "packaging (>=20.0)", "protobuf (<=3.20.2)", "regex (!=2019.12.17)", "requests", "sentencepiece (>=0.1.91,!=0.1.92)", "torch (>=1.9,!=1.12.0)", "tokenizers (>=0.11.1,!=0.11.3,<0.14)", "tqdm (>=4.27)"]
video = ["decord (==0.6.0)", "av (==9.2.0)"]
vision = ["pillow"]

[[package]]
name = "triton"
version = "2.0.0"
description = "A language and compiler for custom Deep Learning operations"
category = "main"
optional = false
python-versions = "*"

[package.dependencies]
cmake = "*"
filelock = "*"
lit = "*"
torch = "*"

[package.extras]
tests = ["autopep8", "flake8", "isort", "numpy", "pytest", "scipy (>=1.7.1)"]
tutorials = ["matplotlib", "pandas", "tabulate"]

[[package]]
name = "typer"
version = "0.7.0"
description = "Typer, build great CLIs. Easy to code. Based on Python type hints."
category = "main"
optional = false
python-versions = ">=3.6"

[package.dependencies]
click = ">=7.1.1,<9.0.0"

[package.extras]
all = ["colorama (>=0.4.3,<0.5.0)", "shellingham (>=1.3.0,<2.0.0)", "rich (>=10.11.0,<13.0.0)"]
dev = ["autoflake (>=1.3.1,<2.0.0)", "flake8 (>=3.8.3,<4.0.0)", "pre-commit (>=2.17.0,<3.0.0)"]
doc = ["mkdocs (>=1.1.2,<2.0.0)", "mkdocs-material (>=8.1.4,<9.0.0)", "mdx-include (>=1.4.1,<2.0.0)", "pillow (>=9.3.0,<10.0.0)", "cairosvg (>=2.5.2,<3.0.0)"]
test = ["shellingham (>=1.3.0,<2.0.0)", "pytest (>=4.4.0,<8.0.0)", "pytest-cov (>=2.10.0,<5.0.0)", "coverage (>=6.2,<7.0)", "pytest-xdist (>=1.32.0,<4.0.0)", "pytest-sugar (>=0.9.4,<0.10.0)", "mypy (==0.910)", "black (>=22.3.0,<23.0.0)", "isort (>=5.0.6,<6.0.0)", "rich (>=10.11.0,<13.0.0)"]

[[package]]
name = "typing-extensions"
version = "4.5.0"
description = "Backported and Experimental Type Hints for Python 3.7+"
category = "main"
optional = false
python-versions = ">=3.7"

[[package]]
name = "uritemplate"
version = "3.0.1"
description = "URI templates"
category = "main"
optional = false
python-versions = ">=2.7, !=3.0.*, !=3.1.*, !=3.2.*, !=3.3.*"

[[package]]
name = "urllib3"
version = "1.26.15"
description = "HTTP library with thread-safe connection pooling, file post, and more."
category = "main"
optional = false
python-versions = ">=2.7, !=3.0.*, !=3.1.*, !=3.2.*, !=3.3.*, !=3.4.*, !=3.5.*"

[package.extras]
brotli = ["brotlicffi (>=0.8.0)", "brotli (>=1.0.9)", "brotlipy (>=0.6.0)"]
secure = ["pyOpenSSL (>=0.14)", "cryptography (>=1.3.4)", "idna (>=2.0.0)", "certifi", "urllib3-secure-extra", "ipaddress"]
socks = ["PySocks (>=1.5.6,!=1.5.7,<2.0)"]

[[package]]
name = "websocket-client"
version = "1.5.1"
description = "WebSocket client for Python with low level API options"
category = "main"
optional = false
python-versions = ">=3.7"

[package.extras]
docs = ["Sphinx (>=3.4)", "sphinx-rtd-theme (>=0.5)"]
optional = ["python-socks", "wsaccel"]
test = ["websockets"]

[[package]]
name = "wrapt"
version = "1.15.0"
description = "Module for decorators, wrappers and monkey patching."
category = "main"
optional = false
python-versions = "!=3.0.*,!=3.1.*,!=3.2.*,!=3.3.*,!=3.4.*,>=2.7"

[metadata]
lock-version = "1.1"
python-versions = "^3.9"
content-hash = "38ef2078f14f4e537440fe0c9294222bf1b709ba77e80a903b499d04c75870ea"

[metadata.files]
absl-py = []
attrs = []
cachetools = []
certifi = []
charset-normalizer = []
click = []
cloudpickle = []
cmake = []
colorama = []
deprecated = []
docstring-parser = []
exceptiongroup = []
filelock = []
fire = []
fsspec = []
google-api-core = []
google-api-python-client = []
google-auth = []
google-auth-httplib2 = []
google-cloud-core = []
google-cloud-storage = []
google-crc32c = []
google-resumable-media = []
googleapis-common-protos = []
httplib2 = []
huggingface-hub = []
idna = []
iniconfig = []
jinja2 = []
jsonschema = []
kfp = []
kfp-pipeline-spec = []
kfp-server-api = []
kubernetes = []
lit = []
markupsafe = []
mpmath = []
networkx = []
numpy = []
nvidia-cublas-cu11 = []
nvidia-cuda-cupti-cu11 = []
nvidia-cuda-nvrtc-cu11 = []
nvidia-cuda-runtime-cu11 = []
nvidia-cudnn-cu11 = []
nvidia-cufft-cu11 = []
nvidia-curand-cu11 = []
nvidia-cusolver-cu11 = []
nvidia-cusparse-cu11 = []
nvidia-nccl-cu11 = []
nvidia-nvtx-cu11 = []
oauthlib = []
packaging = []
pluggy = []
protobuf = []
pyasn1 = []
pyasn1-modules = []
pydantic = []
pyparsing = []
pyrsistent = []
pytest = []
python-dateutil = []
pyyaml = []
regex = []
requests = []
requests-oauthlib = []
requests-toolbelt = []
rsa = []
six = []
strip-hints = []
sympy = []
tabulate = []
termcolor = []
tokenizers = []
tomli = []
torch = []
tqdm = []
transformers = []
triton = []
typer = []
typing-extensions = []
uritemplate = []
urllib3 = []
websocket-client = []
wrapt = []
